PODS:
  - ActionSheetPicker-3.0 (2.0.4)
  - AMPopTip (0.10.1)
  - Bolts (1.5.0):
    - Bolts/AppLinks (= 1.5.0)
    - Bolts/Tasks (= 1.5.0)
  - Bolts/AppLinks (1.5.0):
    - Bolts/Tasks
  - Bolts/Tasks (1.5.0)
  - EAIntroView (2.6.4)
  - FBSDKCoreKit (4.8.0):
    - Bolts (~> 1.1)
    - FBSDKCoreKit/arc (= 4.8.0)
    - FBSDKCoreKit/no-arc (= 4.8.0)
  - FBSDKCoreKit/arc (4.8.0):
    - Bolts (~> 1.1)
  - FBSDKCoreKit/no-arc (4.8.0):
    - Bolts (~> 1.1)
    - FBSDKCoreKit/arc
  - FBSDKLoginKit (4.8.0):
    - FBSDKCoreKit
  - FBSDKShareKit (4.8.0):
    - FBSDKCoreKit
  - ILTranslucentView (0.0.1)
  - JSQMessagesViewController (7.2.0):
    - JSQSystemSoundPlayer (~> 2.0.1)
  - JSQSystemSoundPlayer (2.0.1)
  - KIImagePager (2.1.1)
  - MDRadialProgress (1.3.2)
  - NMRangeSlider (1.2.1)
  - Parse (1.11.0):
    - Bolts/Tasks (~> 1.5)
  - ParseFacebookUtilsV4 (1.9.1):
    - Bolts/Tasks (>= 1.5)
    - FBSDKCoreKit (~> 4.8)
    - FBSDKLoginKit (~> 4.8)
    - Parse (~> 1.9)
  - SCLAlertView-Objective-C (0.7.9)
  - TDBadgedCell (3.0)

DEPENDENCIES:
  - ActionSheetPicker-3.0
  - AMPopTip
  - Bolts
  - EAIntroView (~> 2.6.0)
  - FBSDKCoreKit
  - FBSDKLoginKit
  - FBSDKShareKit
  - ILTranslucentView (~> 0.0.1)
  - JSQMessagesViewController
  - KIImagePager (~> 2.1)
  - MDRadialProgress
  - NMRangeSlider (~> 1.2)
  - Parse
  - ParseFacebookUtilsV4
  - SCLAlertView-Objective-C
  - TDBadgedCell

SPEC CHECKSUMS:
  ActionSheetPicker-3.0: 860466cb4a66854e6acb590071ecee404b48f49d
  AMPopTip: b0b5d009f3ed47b10f118438a18e0ab5cd03c40d
  Bolts: 722ab9a4f8b50fc4ed1b9998a5a7a2b3f16d80b4
  EAIntroView: df7dc18da73e1831d06878b9c0e13da78e6bb3ce
  FBSDKCoreKit: 66a935d17b6e00b6b64e604f2eb9b72c9ab7deb8
  FBSDKLoginKit: d893fcbb98d854496925e9ff73c67b896982d3c4
  FBSDKShareKit: e7577ee3adf80fc04fb656dd133fbb522250672b
  ILTranslucentView: 47a0518657294173963d8e74806a070ab5700e47
  JSQMessagesViewController: 73cab48aa92fc2d512f3b6724f3425cc47a19eb5
  JSQSystemSoundPlayer: c5850e77a4363ffd374cd851154b9af93264ed8d
  KIImagePager: 3294254e5e3f76c62edc8bd89da4d0b5ed010b19
  MDRadialProgress: 1068574b9b4b870f64b605b07f734385bde5104d
  NMRangeSlider: 317ded652431eb90501c8421d9cddc3930d891e6
  Parse: 886af46a0a677402f6374bb97ac212e795f70afe
  ParseFacebookUtilsV4: eab9b4ade12f0800b4d30f6b808bca55ce17a0e9
  SCLAlertView-Objective-C: e36ab12dc1ec4ff6f932888083b21d71a3a1ad23
  TDBadgedCell: 8e5314066fd8c2d8b6e3fc5dec824f5ded78bdc5

COCOAPODS: 0.39.0
