PODS:
  - ILTranslucentView (0.0.1)
  - KIImagePager (2.1.0)
  - MDRadialProgress (1.3.1)
  - NMRangeSlider (1.2.1)
  - TDBadgedCell (2.6)

DEPENDENCIES:
  - ILTranslucentView (~> 0.0.1)
  - KIImagePager (~> 2.1)
  - MDRadialProgress
  - NMRangeSlider (~> 1.2)
  - TDBadgedCell

SPEC CHECKSUMS:
  ILTranslucentView: fa20cc89ceb451b54ae3d993c7dfb789873ef153
  KIImagePager: 1e9393fba26947b10854a23d5d052a503c832b26
  MDRadialProgress: 0499b76b2bd25711ac1d6687c07ac915bad1b8bd
  NMRangeSlider: af83627c6da11b39a6147c223f6674b3c57b5b44
  TDBadgedCell: e683b5557d12ea4e28a8d6ac20b6e394abc2c1fe

COCOAPODS: 0.35.0
